
Microsoft Visual Studio Solution File, Format Version 12.00
# Visual Studio Version 16
VisualStudioVersion = 16.0.30804.86
MinimumVisualStudioVersion = 10.0.40219.1
Project("{9A19103F-16F7-4668-BE54-9A1E7A4F7556}") = "Jfx", "Jfx\Jfx.csproj", "{4992E573-B954-4D3A-B111-8CFF4956062E}"
EndProject
Project("{9A19103F-16F7-4668-BE54-9A1E7A4F7556}") = "Jfx.App", "Jfx.App\Jfx.App.csproj", "{2718DBDD-89B5-4BF6-86C7-8034857A9C35}"
EndProject
Project("{FAE04EC0-301F-11D3-BF4B-00C04F79EFBC}") = "Jfx.Test", "Jfx.Test\Jfx.Test.csproj", "{2BC880F2-1434-4683-A68A-9032C013E4B6}"
EndProject
Global
	GlobalSection(SolutionConfigurationPlatforms) = preSolution
		Debug|Any CPU = Debug|Any CPU
		Release|Any CPU = Release|Any CPU
	EndGlobalSection
	GlobalSection(ProjectConfigurationPlatforms) = postSolution
		{4992E573-B954-4D3A-B111-8CFF4956062E}.Debug|Any CPU.ActiveCfg = Debug|Any CPU
		{4992E573-B954-4D3A-B111-8CFF4956062E}.Debug|Any CPU.Build.0 = Debug|Any CPU
		{4992E573-B954-4D3A-B111-8CFF4956062E}.Release|Any CPU.ActiveCfg = Release|Any CPU
		{4992E573-B954-4D3A-B111-8CFF4956062E}.Release|Any CPU.Build.0 = Release|Any CPU
		{2718DBDD-89B5-4BF6-86C7-8034857A9C35}.Debug|Any CPU.ActiveCfg = Debug|Any CPU
		{2718DBDD-89B5-4BF6-86C7-8034857A9C35}.Debug|Any CPU.Build.0 = Debug|Any CPU
		{2718DBDD-89B5-4BF6-86C7-8034857A9C35}.Release|Any CPU.ActiveCfg = Release|Any CPU
		{2718DBDD-89B5-4BF6-86C7-8034857A9C35}.Release|Any CPU.Build.0 = Release|Any CPU
		{2BC880F2-1434-4683-A68A-9032C013E4B6}.Debug|Any CPU.ActiveCfg = Debug|Any CPU
		{2BC880F2-1434-4683-A68A-9032C013E4B6}.Debug|Any CPU.Build.0 = Debug|Any CPU
		{2BC880F2-1434-4683-A68A-9032C013E4B6}.Release|Any CPU.ActiveCfg = Release|Any CPU
		{2BC880F2-1434-4683-A68A-9032C013E4B6}.Release|Any CPU.Build.0 = Release|Any CPU
	EndGlobalSection
	GlobalSection(SolutionProperties) = preSolution
		HideSolutionNode = FALSE
	EndGlobalSection
	GlobalSection(ExtensibilityGlobals) = postSolution
		SolutionGuid = {219FAC25-326F-477D-A605-404D658385D2}
	EndGlobalSection
EndGlobal
